[[package]]
name = "schedule"
version = "1.1.0"
description = "Job scheduling for humans."
category = "main"
optional = false
python-versions = ">=3.6"

[metadata]
lock-version = "1.1"
python-versions = "^3.11"
content-hash = "cbd3488254d0d1664058d2746e0701e935c524c6adc08fce3102e1a45781d13c"

[metadata.files]
schedule = []
